
Microsoft Visual Studio Solution File, Format Version 11.00
# Visual Studio 2010
Project("{FAE04EC0-301F-11D3-BF4B-00C04F79EFBC}") = "climoo", "climoo.csproj", "{66B01148-981F-43F6-9A47-29EC66DEACA9}"
EndProject
Project("{FAE04EC0-301F-11D3-BF4B-00C04F79EFBC}") = "MooCore", "MooCore\MooCore.csproj", "{0AA2B12E-33C7-456C-B550-61C1AF11968B}"
EndProject
Project("{FAE04EC0-301F-11D3-BF4B-00C04F79EFBC}") = "SSharpScripting", "scripting\s-sharp\SSharpScripting\SSharpScripting.csproj", "{0B54F58D-EB98-4B02-B007-6BD9AA2277FA}"
EndProject
Project("{FAE04EC0-301F-11D3-BF4B-00C04F79EFBC}") = "Base", "Base\Base.csproj", "{023D1FA4-DDE5-4040-8E3D-5ED9AE4BACEA}"
EndProject
Project("{FAE04EC0-301F-11D3-BF4B-00C04F79EFBC}") = "impexporter", "impexporter\impexporter.csproj", "{00E29E0F-0ABD-4527-93E8-1D874D2402F3}"
EndProject
Project("{FAE04EC0-301F-11D3-BF4B-00C04F79EFBC}") = "WebCore", "WebCore\WebCore.csproj", "{DD565C54-2CD9-4436-B41B-0AF7E3A8336D}"
EndProject
Project("{FAE04EC0-301F-11D3-BF4B-00C04F79EFBC}") = "DatabaseCore", "DatabaseCore\DatabaseCore.csproj", "{BB592225-2584-4446-838C-E1990323FAE9}"
EndProject
Project("{FAE04EC0-301F-11D3-BF4B-00C04F79EFBC}") = "ScriptDotNet", "ScriptDotNet\ScriptDotNet.csproj", "{F1B3ED0C-819F-4065-A45A-C30900914C8E}"
EndProject
Project("{FAE04EC0-301F-11D3-BF4B-00C04F79EFBC}") = "DatabaseMySql", "DatabaseMySql\DatabaseMySql.csproj", "{C5E1DBB2-320C-4F1D-ADD8-8A9EC3EEBE08}"
EndProject
Project("{2150E333-8FDC-42A3-9474-1A3956D46DE8}") = "notes", "notes", "{E2753B64-C001-4F5D-80F4-05CA8E80D068}"
	ProjectSection(SolutionItems) = preProject
		notes\database_design.txt = notes\database_design.txt
		notes\gpl-3.0.txt = notes\gpl-3.0.txt
		notes\mysql.sql = notes\mysql.sql
		notes\postgres.sql = notes\postgres.sql
	EndProjectSection
EndProject
Project("{FAE04EC0-301F-11D3-BF4B-00C04F79EFBC}") = "ClimooTests", "tests\ClimooTests\ClimooTests.csproj", "{E269DC21-ACAE-49F0-A5E1-8309E249F751}"
EndProject
Global
	GlobalSection(SolutionConfigurationPlatforms) = preSolution
		Debug|Any CPU = Debug|Any CPU
		Debug|Mixed Platforms = Debug|Mixed Platforms
		Debug|x86 = Debug|x86
		Release|Any CPU = Release|Any CPU
		Release|Mixed Platforms = Release|Mixed Platforms
		Release|x86 = Release|x86
	EndGlobalSection
	GlobalSection(ProjectConfigurationPlatforms) = postSolution
		{66B01148-981F-43F6-9A47-29EC66DEACA9}.Debug|Any CPU.ActiveCfg = Debug|Any CPU
		{66B01148-981F-43F6-9A47-29EC66DEACA9}.Debug|Any CPU.Build.0 = Debug|Any CPU
		{66B01148-981F-43F6-9A47-29EC66DEACA9}.Debug|Mixed Platforms.ActiveCfg = Debug|Any CPU
		{66B01148-981F-43F6-9A47-29EC66DEACA9}.Debug|Mixed Platforms.Build.0 = Debug|Any CPU
		{66B01148-981F-43F6-9A47-29EC66DEACA9}.Debug|x86.ActiveCfg = Debug|Any CPU
		{66B01148-981F-43F6-9A47-29EC66DEACA9}.Release|Any CPU.ActiveCfg = Release|Any CPU
		{66B01148-981F-43F6-9A47-29EC66DEACA9}.Release|Any CPU.Build.0 = Release|Any CPU
		{66B01148-981F-43F6-9A47-29EC66DEACA9}.Release|Mixed Platforms.ActiveCfg = Release|Any CPU
		{66B01148-981F-43F6-9A47-29EC66DEACA9}.Release|Mixed Platforms.Build.0 = Release|Any CPU
		{66B01148-981F-43F6-9A47-29EC66DEACA9}.Release|x86.ActiveCfg = Release|Any CPU
		{0AA2B12E-33C7-456C-B550-61C1AF11968B}.Debug|Any CPU.ActiveCfg = Debug|Any CPU
		{0AA2B12E-33C7-456C-B550-61C1AF11968B}.Debug|Any CPU.Build.0 = Debug|Any CPU
		{0AA2B12E-33C7-456C-B550-61C1AF11968B}.Debug|Mixed Platforms.ActiveCfg = Debug|Any CPU
		{0AA2B12E-33C7-456C-B550-61C1AF11968B}.Debug|Mixed Platforms.Build.0 = Debug|Any CPU
		{0AA2B12E-33C7-456C-B550-61C1AF11968B}.Debug|x86.ActiveCfg = Debug|Any CPU
		{0AA2B12E-33C7-456C-B550-61C1AF11968B}.Release|Any CPU.ActiveCfg = Release|Any CPU
		{0AA2B12E-33C7-456C-B550-61C1AF11968B}.Release|Any CPU.Build.0 = Release|Any CPU
		{0AA2B12E-33C7-456C-B550-61C1AF11968B}.Release|Mixed Platforms.ActiveCfg = Release|Any CPU
		{0AA2B12E-33C7-456C-B550-61C1AF11968B}.Release|Mixed Platforms.Build.0 = Release|Any CPU
		{0AA2B12E-33C7-456C-B550-61C1AF11968B}.Release|x86.ActiveCfg = Release|Any CPU
		{0B54F58D-EB98-4B02-B007-6BD9AA2277FA}.Debug|Any CPU.ActiveCfg = Debug|Any CPU
		{0B54F58D-EB98-4B02-B007-6BD9AA2277FA}.Debug|Any CPU.Build.0 = Debug|Any CPU
		{0B54F58D-EB98-4B02-B007-6BD9AA2277FA}.Debug|Mixed Platforms.ActiveCfg = Debug|Any CPU
		{0B54F58D-EB98-4B02-B007-6BD9AA2277FA}.Debug|Mixed Platforms.Build.0 = Debug|Any CPU
		{0B54F58D-EB98-4B02-B007-6BD9AA2277FA}.Debug|x86.ActiveCfg = Debug|Any CPU
		{0B54F58D-EB98-4B02-B007-6BD9AA2277FA}.Release|Any CPU.ActiveCfg = Release|Any CPU
		{0B54F58D-EB98-4B02-B007-6BD9AA2277FA}.Release|Any CPU.Build.0 = Release|Any CPU
		{0B54F58D-EB98-4B02-B007-6BD9AA2277FA}.Release|Mixed Platforms.ActiveCfg = Release|Any CPU
		{0B54F58D-EB98-4B02-B007-6BD9AA2277FA}.Release|Mixed Platforms.Build.0 = Release|Any CPU
		{0B54F58D-EB98-4B02-B007-6BD9AA2277FA}.Release|x86.ActiveCfg = Release|Any CPU
		{023D1FA4-DDE5-4040-8E3D-5ED9AE4BACEA}.Debug|Any CPU.ActiveCfg = Debug|Any CPU
		{023D1FA4-DDE5-4040-8E3D-5ED9AE4BACEA}.Debug|Any CPU.Build.0 = Debug|Any CPU
		{023D1FA4-DDE5-4040-8E3D-5ED9AE4BACEA}.Debug|Mixed Platforms.ActiveCfg = Debug|Any CPU
		{023D1FA4-DDE5-4040-8E3D-5ED9AE4BACEA}.Debug|Mixed Platforms.Build.0 = Debug|Any CPU
		{023D1FA4-DDE5-4040-8E3D-5ED9AE4BACEA}.Debug|x86.ActiveCfg = Debug|Any CPU
		{023D1FA4-DDE5-4040-8E3D-5ED9AE4BACEA}.Release|Any CPU.ActiveCfg = Release|Any CPU
		{023D1FA4-DDE5-4040-8E3D-5ED9AE4BACEA}.Release|Any CPU.Build.0 = Release|Any CPU
		{023D1FA4-DDE5-4040-8E3D-5ED9AE4BACEA}.Release|Mixed Platforms.ActiveCfg = Release|Any CPU
		{023D1FA4-DDE5-4040-8E3D-5ED9AE4BACEA}.Release|Mixed Platforms.Build.0 = Release|Any CPU
		{023D1FA4-DDE5-4040-8E3D-5ED9AE4BACEA}.Release|x86.ActiveCfg = Release|Any CPU
		{00E29E0F-0ABD-4527-93E8-1D874D2402F3}.Debug|Any CPU.ActiveCfg = Debug|x86
		{00E29E0F-0ABD-4527-93E8-1D874D2402F3}.Debug|Mixed Platforms.ActiveCfg = Debug|x86
		{00E29E0F-0ABD-4527-93E8-1D874D2402F3}.Debug|Mixed Platforms.Build.0 = Debug|x86
		{00E29E0F-0ABD-4527-93E8-1D874D2402F3}.Debug|x86.ActiveCfg = Debug|x86
		{00E29E0F-0ABD-4527-93E8-1D874D2402F3}.Debug|x86.Build.0 = Debug|x86
		{00E29E0F-0ABD-4527-93E8-1D874D2402F3}.Release|Any CPU.ActiveCfg = Release|x86
		{00E29E0F-0ABD-4527-93E8-1D874D2402F3}.Release|Mixed Platforms.ActiveCfg = Release|x86
		{00E29E0F-0ABD-4527-93E8-1D874D2402F3}.Release|Mixed Platforms.Build.0 = Release|x86
		{00E29E0F-0ABD-4527-93E8-1D874D2402F3}.Release|x86.ActiveCfg = Release|x86
		{00E29E0F-0ABD-4527-93E8-1D874D2402F3}.Release|x86.Build.0 = Release|x86
		{DD565C54-2CD9-4436-B41B-0AF7E3A8336D}.Debug|Any CPU.ActiveCfg = Debug|Any CPU
		{DD565C54-2CD9-4436-B41B-0AF7E3A8336D}.Debug|Any CPU.Build.0 = Debug|Any CPU
		{DD565C54-2CD9-4436-B41B-0AF7E3A8336D}.Debug|Mixed Platforms.ActiveCfg = Debug|Any CPU
		{DD565C54-2CD9-4436-B41B-0AF7E3A8336D}.Debug|Mixed Platforms.Build.0 = Debug|Any CPU
		{DD565C54-2CD9-4436-B41B-0AF7E3A8336D}.Debug|x86.ActiveCfg = Debug|Any CPU
		{DD565C54-2CD9-4436-B41B-0AF7E3A8336D}.Release|Any CPU.ActiveCfg = Release|Any CPU
		{DD565C54-2CD9-4436-B41B-0AF7E3A8336D}.Release|Any CPU.Build.0 = Release|Any CPU
		{DD565C54-2CD9-4436-B41B-0AF7E3A8336D}.Release|Mixed Platforms.ActiveCfg = Release|Any CPU
		{DD565C54-2CD9-4436-B41B-0AF7E3A8336D}.Release|Mixed Platforms.Build.0 = Release|Any CPU
		{DD565C54-2CD9-4436-B41B-0AF7E3A8336D}.Release|x86.ActiveCfg = Release|Any CPU
		{BB592225-2584-4446-838C-E1990323FAE9}.Debug|Any CPU.ActiveCfg = Debug|Any CPU
		{BB592225-2584-4446-838C-E1990323FAE9}.Debug|Any CPU.Build.0 = Debug|Any CPU
		{BB592225-2584-4446-838C-E1990323FAE9}.Debug|Mixed Platforms.ActiveCfg = Debug|Any CPU
		{BB592225-2584-4446-838C-E1990323FAE9}.Debug|Mixed Platforms.Build.0 = Debug|Any CPU
		{BB592225-2584-4446-838C-E1990323FAE9}.Debug|x86.ActiveCfg = Debug|Any CPU
		{BB592225-2584-4446-838C-E1990323FAE9}.Release|Any CPU.ActiveCfg = Release|Any CPU
		{BB592225-2584-4446-838C-E1990323FAE9}.Release|Any CPU.Build.0 = Release|Any CPU
		{BB592225-2584-4446-838C-E1990323FAE9}.Release|Mixed Platforms.ActiveCfg = Release|Any CPU
		{BB592225-2584-4446-838C-E1990323FAE9}.Release|Mixed Platforms.Build.0 = Release|Any CPU
		{BB592225-2584-4446-838C-E1990323FAE9}.Release|x86.ActiveCfg = Release|Any CPU
		{F1B3ED0C-819F-4065-A45A-C30900914C8E}.Debug|Any CPU.ActiveCfg = Debug|Any CPU
		{F1B3ED0C-819F-4065-A45A-C30900914C8E}.Debug|Any CPU.Build.0 = Debug|Any CPU
		{F1B3ED0C-819F-4065-A45A-C30900914C8E}.Debug|Mixed Platforms.ActiveCfg = Debug|Any CPU
		{F1B3ED0C-819F-4065-A45A-C30900914C8E}.Debug|Mixed Platforms.Build.0 = Debug|Any CPU
		{F1B3ED0C-819F-4065-A45A-C30900914C8E}.Debug|x86.ActiveCfg = Debug|Any CPU
		{F1B3ED0C-819F-4065-A45A-C30900914C8E}.Debug|x86.Build.0 = Debug|Any CPU
		{F1B3ED0C-819F-4065-A45A-C30900914C8E}.Release|Any CPU.ActiveCfg = Release|Any CPU
		{F1B3ED0C-819F-4065-A45A-C30900914C8E}.Release|Any CPU.Build.0 = Release|Any CPU
		{F1B3ED0C-819F-4065-A45A-C30900914C8E}.Release|Mixed Platforms.ActiveCfg = Release|Any CPU
		{F1B3ED0C-819F-4065-A45A-C30900914C8E}.Release|Mixed Platforms.Build.0 = Release|Any CPU
		{F1B3ED0C-819F-4065-A45A-C30900914C8E}.Release|x86.ActiveCfg = Release|Any CPU
		{F1B3ED0C-819F-4065-A45A-C30900914C8E}.Release|x86.Build.0 = Release|Any CPU
		{C5E1DBB2-320C-4F1D-ADD8-8A9EC3EEBE08}.Debug|Any CPU.ActiveCfg = Debug|Any CPU
		{C5E1DBB2-320C-4F1D-ADD8-8A9EC3EEBE08}.Debug|Any CPU.Build.0 = Debug|Any CPU
		{C5E1DBB2-320C-4F1D-ADD8-8A9EC3EEBE08}.Debug|Mixed Platforms.ActiveCfg = Debug|Any CPU
		{C5E1DBB2-320C-4F1D-ADD8-8A9EC3EEBE08}.Debug|Mixed Platforms.Build.0 = Debug|Any CPU
		{C5E1DBB2-320C-4F1D-ADD8-8A9EC3EEBE08}.Debug|x86.ActiveCfg = Debug|Any CPU
		{C5E1DBB2-320C-4F1D-ADD8-8A9EC3EEBE08}.Debug|x86.Build.0 = Debug|Any CPU
		{C5E1DBB2-320C-4F1D-ADD8-8A9EC3EEBE08}.Release|Any CPU.ActiveCfg = Release|Any CPU
		{C5E1DBB2-320C-4F1D-ADD8-8A9EC3EEBE08}.Release|Any CPU.Build.0 = Release|Any CPU
		{C5E1DBB2-320C-4F1D-ADD8-8A9EC3EEBE08}.Release|Mixed Platforms.ActiveCfg = Release|Any CPU
		{C5E1DBB2-320C-4F1D-ADD8-8A9EC3EEBE08}.Release|Mixed Platforms.Build.0 = Release|Any CPU
		{C5E1DBB2-320C-4F1D-ADD8-8A9EC3EEBE08}.Release|x86.ActiveCfg = Release|Any CPU
		{C5E1DBB2-320C-4F1D-ADD8-8A9EC3EEBE08}.Release|x86.Build.0 = Release|Any CPU
		{E269DC21-ACAE-49F0-A5E1-8309E249F751}.Debug|Any CPU.ActiveCfg = Debug|Any CPU
		{E269DC21-ACAE-49F0-A5E1-8309E249F751}.Debug|Any CPU.Build.0 = Debug|Any CPU
		{E269DC21-ACAE-49F0-A5E1-8309E249F751}.Debug|Mixed Platforms.ActiveCfg = Debug|Any CPU
		{E269DC21-ACAE-49F0-A5E1-8309E249F751}.Debug|Mixed Platforms.Build.0 = Debug|Any CPU
		{E269DC21-ACAE-49F0-A5E1-8309E249F751}.Debug|x86.ActiveCfg = Debug|Any CPU
		{E269DC21-ACAE-49F0-A5E1-8309E249F751}.Release|Any CPU.ActiveCfg = Release|Any CPU
		{E269DC21-ACAE-49F0-A5E1-8309E249F751}.Release|Any CPU.Build.0 = Release|Any CPU
		{E269DC21-ACAE-49F0-A5E1-8309E249F751}.Release|Mixed Platforms.ActiveCfg = Release|Any CPU
		{E269DC21-ACAE-49F0-A5E1-8309E249F751}.Release|Mixed Platforms.Build.0 = Release|Any CPU
		{E269DC21-ACAE-49F0-A5E1-8309E249F751}.Release|x86.ActiveCfg = Release|Any CPU
	EndGlobalSection
	GlobalSection(SolutionProperties) = preSolution
		HideSolutionNode = FALSE
	EndGlobalSection
	GlobalSection(MonoDevelopProperties) = preSolution
		StartupItem = climoo.csproj
	EndGlobalSection
EndGlobal
